
Microsoft Visual Studio Solution File, Format Version 12.00
# Visual Studio Version 16
VisualStudioVersion = 16.0.33328.57
MinimumVisualStudioVersion = 10.0.40219.1
Project("{F184B08F-C81C-45F6-A57F-5ABD9991F28F}") = "FilmQuiz", "FilmQuiz\FilmQuiz.vbproj", "{73C414B9-58F5-4FE3-A982-639618A3B79D}"
EndProject
Global
	GlobalSection(SolutionConfigurationPlatforms) = preSolution
		Debug|Any CPU = Debug|Any CPU
		Release|Any CPU = Release|Any CPU
	EndGlobalSection
	GlobalSection(ProjectConfigurationPlatforms) = postSolution
		{73C414B9-58F5-4FE3-A982-639618A3B79D}.Debug|Any CPU.ActiveCfg = Debug|Any CPU
		{73C414B9-58F5-4FE3-A982-639618A3B79D}.Debug|Any CPU.Build.0 = Debug|Any CPU
		{73C414B9-58F5-4FE3-A982-639618A3B79D}.Release|Any CPU.ActiveCfg = Release|Any CPU
		{73C414B9-58F5-4FE3-A982-639618A3B79D}.Release|Any CPU.Build.0 = Release|Any CPU
	EndGlobalSection
	GlobalSection(SolutionProperties) = preSolution
		HideSolutionNode = FALSE
	EndGlobalSection
	GlobalSection(ExtensibilityGlobals) = postSolution
		SolutionGuid = {ECB94CF0-370C-4DC4-BA94-8F4D048FA5B2}
	EndGlobalSection
EndGlobal
